PODS:
  - Alamofire (4.8.0)
  - Firebase/Core (5.14.0):
    - Firebase/CoreOnly
    - FirebaseAnalytics (= 5.4.0)
  - Firebase/CoreOnly (5.14.0):
    - FirebaseCore (= 5.1.9)
  - Firebase/Messaging (5.14.0):
    - Firebase/CoreOnly
    - FirebaseMessaging (= 3.2.2)
  - FirebaseAnalytics (5.4.0):
    - FirebaseCore (~> 5.1)
    - FirebaseInstanceID (~> 3.3)
    - GoogleAppMeasurement (= 5.4.0)
    - GoogleUtilities/AppDelegateSwizzler (~> 5.2)
    - GoogleUtilities/MethodSwizzler (~> 5.2)
    - GoogleUtilities/Network (~> 5.2)
    - "GoogleUtilities/NSData+zlib (~> 5.2)"
    - nanopb (~> 0.3)
  - FirebaseAnalyticsInterop (1.1.0)
  - FirebaseCore (5.1.9):
    - GoogleUtilities/Logger (~> 5.2)
  - FirebaseInstanceID (3.3.0):
    - FirebaseCore (~> 5.1)
    - GoogleUtilities/Environment (~> 5.3)
    - GoogleUtilities/UserDefaults (~> 5.3)
  - FirebaseMessaging (3.2.2):
    - FirebaseAnalyticsInterop (~> 1.1)
    - FirebaseCore (~> 5.1)
    - FirebaseInstanceID (~> 3.0)
    - GoogleUtilities/Environment (~> 5.2)
    - GoogleUtilities/Reachability (~> 5.2)
    - Protobuf (~> 3.1)
  - GoogleAppMeasurement (5.4.0):
    - GoogleUtilities/AppDelegateSwizzler (~> 5.2)
    - GoogleUtilities/MethodSwizzler (~> 5.2)
    - GoogleUtilities/Network (~> 5.2)
    - "GoogleUtilities/NSData+zlib (~> 5.2)"
    - nanopb (~> 0.3)
  - GoogleUtilities/AppDelegateSwizzler (5.3.6):
    - GoogleUtilities/Environment
    - GoogleUtilities/Logger
    - GoogleUtilities/Network
  - GoogleUtilities/Environment (5.3.6)
  - GoogleUtilities/Logger (5.3.6):
    - GoogleUtilities/Environment
  - GoogleUtilities/MethodSwizzler (5.3.6):
    - GoogleUtilities/Logger
  - GoogleUtilities/Network (5.3.6):
    - GoogleUtilities/Logger
    - "GoogleUtilities/NSData+zlib"
    - GoogleUtilities/Reachability
  - "GoogleUtilities/NSData+zlib (5.3.6)"
  - GoogleUtilities/Reachability (5.3.6):
    - GoogleUtilities/Logger
  - GoogleUtilities/UserDefaults (5.3.6):
    - GoogleUtilities/Logger
  - IQKeyboardManagerSwift (6.2.0)
  - JWTDecode (2.1.1)
  - Mitter (0.0.2):
    - Alamofire (~> 4.7)
    - JWTDecode (~> 2.1)
    - Moya-ModelMapper/RxSwift (~> 7.1.0)
    - Moya/RxSwift (~> 11.0)
    - PhoneNumberKit (~> 2.5)
    - RxCocoa (~> 4.0)
    - RxSwift (~> 4.0)
    - Swinject (~> 2.5.0)
  - ModelMapper (9.0.1):
    - ModelMapper/Core (= 9.0.1)
  - ModelMapper/Core (9.0.1)
  - Moya (11.0.2):
    - Moya/Core (= 11.0.2)
  - Moya-ModelMapper/Core (7.1.0):
    - ModelMapper
    - Moya (~> 11.0)
  - Moya-ModelMapper/RxSwift (7.1.0):
    - Moya-ModelMapper/Core
    - Moya/RxSwift (~> 11.0)
    - RxSwift
  - Moya/Core (11.0.2):
    - Alamofire (~> 4.1)
    - Result (~> 3.0)
  - Moya/RxSwift (11.0.2):
    - Moya/Core
    - RxSwift (~> 4.0)
  - nanopb (0.3.901):
    - nanopb/decode (= 0.3.901)
    - nanopb/encode (= 0.3.901)
  - nanopb/decode (0.3.901)
  - nanopb/encode (0.3.901)
  - PaddingLabel (1.1)
  - PhoneNumberKit (2.5.0):
    - PhoneNumberKit/PhoneNumberKitCore (= 2.5.0)
    - PhoneNumberKit/UIKit (= 2.5.0)
  - PhoneNumberKit/PhoneNumberKitCore (2.5.0)
  - PhoneNumberKit/UIKit (2.5.0):
    - PhoneNumberKit/PhoneNumberKitCore
  - Protobuf (3.6.1)
  - Result (3.2.4)
  - RxAtomic (4.4.0)
  - RxCocoa (4.4.0):
    - RxSwift (~> 4.0)
  - RxSwift (4.4.0):
    - RxAtomic (~> 4.4)
  - SnapKit (4.2.0)
  - Swinject (2.5.0)

DEPENDENCIES:
  - Firebase/Core
  - Firebase/Messaging
  - IQKeyboardManagerSwift
  - Mitter (from `../../../mitter-sdk-ios/Mitter/`)
  - PaddingLabel (= 1.1)
  - SnapKit (~> 4.0)

SPEC REPOS:
  https://github.com/cocoapods/specs.git:
    - Alamofire
    - Firebase
    - FirebaseAnalytics
    - FirebaseAnalyticsInterop
    - FirebaseCore
    - FirebaseInstanceID
    - FirebaseMessaging
    - GoogleAppMeasurement
    - GoogleUtilities
    - IQKeyboardManagerSwift
    - JWTDecode
    - ModelMapper
    - Moya
    - Moya-ModelMapper
    - nanopb
    - PaddingLabel
    - PhoneNumberKit
    - Protobuf
    - Result
    - RxAtomic
    - RxCocoa
    - RxSwift
    - SnapKit
    - Swinject

EXTERNAL SOURCES:
  Mitter:
    :path: "../../../mitter-sdk-ios/Mitter/"

SPEC CHECKSUMS:
  Alamofire: 3ec537f71edc9804815215393ae2b1a8ea33a844
  Firebase: 963d5685fae888a56d6d4d9cfce6b9c976958798
  FirebaseAnalytics: c06f9d70577d79074214700a71fd5d39de5550fb
  FirebaseAnalyticsInterop: e5f21be9af6548372e2f0815834ff909bff395a2
  FirebaseCore: 8f49b70f57ab5cbb032ef41d64992ded21606459
  FirebaseInstanceID: e2fa4cb35ef5558c200f7f0ad8a53e212215f93e
  FirebaseMessaging: b412996f6a09337d232bb3a6676ce4d1f353d024
  GoogleAppMeasurement: 98b71f5e04142793729a5ef23e5b96651ff4b70f
  GoogleUtilities: 95996bea7c7d9b8fb811b7507669a4a8762f80c7
  IQKeyboardManagerSwift: b07ccf9d8cafe993dcd6cb794eb4ba34611a0c4e
  JWTDecode: 83e8b381aafe27158d9f692cbdca2b12d61d460c
  Mitter: bb6d71ce3ecc56e9f43ea825cf73014e7d4ce894
  ModelMapper: 89a61430a75e6265040dc9555ab1feddeb25b986
  Moya: a725035953bc1c0eb1be505ab903984501d82440
  Moya-ModelMapper: 35209257d9e886cedf91289559a41723f5fbd095
  nanopb: 2901f78ea1b7b4015c860c2fdd1ea2fee1a18d48
  PaddingLabel: d11fee9d2be54122a037bb4a429fb5d3f2c73d58
  PhoneNumberKit: 32a1cd1e0aa9e950feb01886a22fd7386b8cf903
  Protobuf: 1eb9700044745f00181c136ef21b8ff3ad5a0fd5
  Result: d2d07204ce72856f1fd9130bbe42c35a7b0fea10
  RxAtomic: eacf60db868c96bfd63320e28619fe29c179656f
  RxCocoa: df63ebf7b9a70d6b4eeea407ed5dd4efc8979749
  RxSwift: 5976ecd04fc2fefd648827c23de5e11157faa973
  SnapKit: fe8a619752f3f27075cc9a90244d75c6c3f27e2a
  Swinject: 82cdb851f63f91bba974e3eca1d69780f2f7677e

PODFILE CHECKSUM: ee92d75e3722179cd17ad677f53bc5617d0e73b6

COCOAPODS: 1.5.3
